
Microsoft Visual Studio Solution File, Format Version 12.00
# Visual Studio Version 16
VisualStudioVersion = 16.0.31402.337
MinimumVisualStudioVersion = 10.0.40219.1
Project("{8BC9CEB8-8B4A-11D0-8D11-00A0C91BC942}") = "Test", "Test\Test.vcxproj", "{956B7F86-4FCE-4899-B3D8-D1773E80BC4B}"
EndProject
Global
	GlobalSection(SolutionConfigurationPlatforms) = preSolution
		Debug|x64 = Debug|x64
		Debug|x86 = Debug|x86
		Release|x64 = Release|x64
		Release|x86 = Release|x86
	EndGlobalSection
	GlobalSection(ProjectConfigurationPlatforms) = postSolution
		{956B7F86-4FCE-4899-B3D8-D1773E80BC4B}.Debug|x64.ActiveCfg = Debug|x64
		{956B7F86-4FCE-4899-B3D8-D1773E80BC4B}.Debug|x64.Build.0 = Debug|x64
		{956B7F86-4FCE-4899-B3D8-D1773E80BC4B}.Debug|x86.ActiveCfg = Debug|Win32
		{956B7F86-4FCE-4899-B3D8-D1773E80BC4B}.Debug|x86.Build.0 = Debug|Win32
		{956B7F86-4FCE-4899-B3D8-D1773E80BC4B}.Release|x64.ActiveCfg = Release|x64
		{956B7F86-4FCE-4899-B3D8-D1773E80BC4B}.Release|x64.Build.0 = Release|x64
		{956B7F86-4FCE-4899-B3D8-D1773E80BC4B}.Release|x86.ActiveCfg = Release|Win32
		{956B7F86-4FCE-4899-B3D8-D1773E80BC4B}.Release|x86.Build.0 = Release|Win32
	EndGlobalSection
	GlobalSection(SolutionProperties) = preSolution
		HideSolutionNode = FALSE
	EndGlobalSection
	GlobalSection(ExtensibilityGlobals) = postSolution
		SolutionGuid = {AE8E2E6F-AFAE-4EF1-A135-D2243998B887}
	EndGlobalSection
EndGlobal
